
Microsoft Visual Studio Solution File, Format Version 12.00
# Visual Studio Version 17
VisualStudioVersion = 17.0.32126.317
MinimumVisualStudioVersion = 10.0.40219.1
Project("{9A19103F-16F7-4668-BE54-9A1E7A4F7556}") = "PollingLoginSshClient", "PollingLoginSshClient\PollingLoginSshClient.csproj", "{8BD61E81-1E5A-480C-8334-80E1D6B2FDF5}"
EndProject
Project("{9A19103F-16F7-4668-BE54-9A1E7A4F7556}") = "PcReservationFunctionApp", "PcReservationFunctionApp\PcReservationFunctionApp.csproj", "{E5D4EF44-A4F8-485C-BB56-7093B7918BB7}"
EndProject
Project("{9A19103F-16F7-4668-BE54-9A1E7A4F7556}") = "Common", "Common\Common.csproj", "{995CD462-AEB3-4CF2-9E44-9D9D60CDB113}"
EndProject
Project("{FAE04EC0-301F-11D3-BF4B-00C04F79EFBC}") = "PollingLoginSshWorkerService", "PollingLoginSshWorkerService\PollingLoginSshWorkerService.csproj", "{C3992BD1-BE67-4AF9-83ED-7DC1D52EA3A9}"
EndProject
Project("{FAE04EC0-301F-11D3-BF4B-00C04F79EFBC}") = "LocalDevelopmentInitialization", "LocalDevelopmentInitialization\LocalDevelopmentInitialization.csproj", "{81B60F09-83FE-43AD-88C2-EE9336EE74CE}"
EndProject
Global
	GlobalSection(SolutionConfigurationPlatforms) = preSolution
		Debug|Any CPU = Debug|Any CPU
		Release|Any CPU = Release|Any CPU
	EndGlobalSection
	GlobalSection(ProjectConfigurationPlatforms) = postSolution
		{8BD61E81-1E5A-480C-8334-80E1D6B2FDF5}.Debug|Any CPU.ActiveCfg = Debug|Any CPU
		{8BD61E81-1E5A-480C-8334-80E1D6B2FDF5}.Debug|Any CPU.Build.0 = Debug|Any CPU
		{8BD61E81-1E5A-480C-8334-80E1D6B2FDF5}.Release|Any CPU.ActiveCfg = Release|Any CPU
		{8BD61E81-1E5A-480C-8334-80E1D6B2FDF5}.Release|Any CPU.Build.0 = Release|Any CPU
		{E5D4EF44-A4F8-485C-BB56-7093B7918BB7}.Debug|Any CPU.ActiveCfg = Debug|Any CPU
		{E5D4EF44-A4F8-485C-BB56-7093B7918BB7}.Debug|Any CPU.Build.0 = Debug|Any CPU
		{E5D4EF44-A4F8-485C-BB56-7093B7918BB7}.Release|Any CPU.ActiveCfg = Release|Any CPU
		{E5D4EF44-A4F8-485C-BB56-7093B7918BB7}.Release|Any CPU.Build.0 = Release|Any CPU
		{995CD462-AEB3-4CF2-9E44-9D9D60CDB113}.Debug|Any CPU.ActiveCfg = Debug|Any CPU
		{995CD462-AEB3-4CF2-9E44-9D9D60CDB113}.Debug|Any CPU.Build.0 = Debug|Any CPU
		{995CD462-AEB3-4CF2-9E44-9D9D60CDB113}.Release|Any CPU.ActiveCfg = Release|Any CPU
		{995CD462-AEB3-4CF2-9E44-9D9D60CDB113}.Release|Any CPU.Build.0 = Release|Any CPU
		{C3992BD1-BE67-4AF9-83ED-7DC1D52EA3A9}.Debug|Any CPU.ActiveCfg = Debug|Any CPU
		{C3992BD1-BE67-4AF9-83ED-7DC1D52EA3A9}.Debug|Any CPU.Build.0 = Debug|Any CPU
		{C3992BD1-BE67-4AF9-83ED-7DC1D52EA3A9}.Release|Any CPU.ActiveCfg = Release|Any CPU
		{C3992BD1-BE67-4AF9-83ED-7DC1D52EA3A9}.Release|Any CPU.Build.0 = Release|Any CPU
		{81B60F09-83FE-43AD-88C2-EE9336EE74CE}.Debug|Any CPU.ActiveCfg = Debug|Any CPU
		{81B60F09-83FE-43AD-88C2-EE9336EE74CE}.Debug|Any CPU.Build.0 = Debug|Any CPU
		{81B60F09-83FE-43AD-88C2-EE9336EE74CE}.Release|Any CPU.ActiveCfg = Release|Any CPU
		{81B60F09-83FE-43AD-88C2-EE9336EE74CE}.Release|Any CPU.Build.0 = Release|Any CPU
	EndGlobalSection
	GlobalSection(SolutionProperties) = preSolution
		HideSolutionNode = FALSE
	EndGlobalSection
	GlobalSection(ExtensibilityGlobals) = postSolution
		SolutionGuid = {0FDA658B-3B46-4A59-8783-8AB1180E8D34}
	EndGlobalSection
EndGlobal
